# THIS IS AN AUTOGENERATED FILE. DO NOT EDIT THIS FILE DIRECTLY.
# yarn lockfile v1


lower-case@^2.0.1:
  version "2.0.1"
  resolved "https://registry.yarnpkg.com/lower-case/-/lower-case-2.0.1.tgz#39eeb36e396115cc05e29422eaea9e692c9408c7"
  dependencies:
    tslib "^1.10.0"

no-case@^3.0.3:
  version "3.0.3"
  resolved "https://registry.yarnpkg.com/no-case/-/no-case-3.0.3.tgz#c21b434c1ffe48b39087e86cfb4d2582e9df18f8"
  dependencies:
    lower-case "^2.0.1"
    tslib "^1.10.0"

sentence-case@^3.0.3:
  version "3.0.3"
  resolved "https://registry.yarnpkg.com/sentence-case/-/sentence-case-3.0.3.tgz#47576e4adff7abf42c63c815b0543c9d2f85a930"
  dependencies:
    no-case "^3.0.3"
    tslib "^1.10.0"
    upper-case-first "^2.0.1"

tslib@^1.10.0:
  version "1.11.1"
  resolved "https://registry.yarnpkg.com/tslib/-/tslib-1.11.1.tgz#eb15d128827fbee2841549e171f45ed338ac7e35"

upper-case-first@^2.0.1:
  version "2.0.1"
  resolved "https://registry.yarnpkg.com/upper-case-first/-/upper-case-first-2.0.1.tgz#32ab436747d891cc20ab1e43d601cb4d0a7fbf4a"
  dependencies:
    tslib "^1.10.0"
